
Microsoft Visual Studio Solution File, Format Version 12.00
# Visual Studio 2013
VisualStudioVersion = 12.0.21005.1
MinimumVisualStudioVersion = 10.0.40219.1
Project("{FAE04EC0-301F-11D3-BF4B-00C04F79EFBC}") = "DevStore.Domain", "DevStore.Domain\DevStore.Domain.csproj", "{7616449B-0AAB-4562-B253-B55AB0D8186B}"
EndProject
Project("{FAE04EC0-301F-11D3-BF4B-00C04F79EFBC}") = "DevStore.Data", "DevStore.Data\DevStore.Data.csproj", "{5D3AD03C-8B36-41F8-A0D0-4A95B5B25142}"
EndProject
Project("{FAE04EC0-301F-11D3-BF4B-00C04F79EFBC}") = "DevStore.Api.Owin", "DevStore.Api.Owin\DevStore.Api.Owin.csproj", "{9CA97695-84F6-4CE9-B22A-A902085BE9B9}"
EndProject
Global
	GlobalSection(SolutionConfigurationPlatforms) = preSolution
		Debug|Any CPU = Debug|Any CPU
		Release|Any CPU = Release|Any CPU
	EndGlobalSection
	GlobalSection(ProjectConfigurationPlatforms) = postSolution
		{7616449B-0AAB-4562-B253-B55AB0D8186B}.Debug|Any CPU.ActiveCfg = Debug|Any CPU
		{7616449B-0AAB-4562-B253-B55AB0D8186B}.Debug|Any CPU.Build.0 = Debug|Any CPU
		{7616449B-0AAB-4562-B253-B55AB0D8186B}.Release|Any CPU.ActiveCfg = Release|Any CPU
		{7616449B-0AAB-4562-B253-B55AB0D8186B}.Release|Any CPU.Build.0 = Release|Any CPU
		{5D3AD03C-8B36-41F8-A0D0-4A95B5B25142}.Debug|Any CPU.ActiveCfg = Debug|Any CPU
		{5D3AD03C-8B36-41F8-A0D0-4A95B5B25142}.Debug|Any CPU.Build.0 = Debug|Any CPU
		{5D3AD03C-8B36-41F8-A0D0-4A95B5B25142}.Release|Any CPU.ActiveCfg = Release|Any CPU
		{5D3AD03C-8B36-41F8-A0D0-4A95B5B25142}.Release|Any CPU.Build.0 = Release|Any CPU
		{9CA97695-84F6-4CE9-B22A-A902085BE9B9}.Debug|Any CPU.ActiveCfg = Debug|Any CPU
		{9CA97695-84F6-4CE9-B22A-A902085BE9B9}.Debug|Any CPU.Build.0 = Debug|Any CPU
		{9CA97695-84F6-4CE9-B22A-A902085BE9B9}.Release|Any CPU.ActiveCfg = Release|Any CPU
		{9CA97695-84F6-4CE9-B22A-A902085BE9B9}.Release|Any CPU.Build.0 = Release|Any CPU
	EndGlobalSection
	GlobalSection(SolutionProperties) = preSolution
		HideSolutionNode = FALSE
	EndGlobalSection
EndGlobal
